
Microsoft Visual Studio Solution File, Format Version 12.00
# Visual Studio Version 16
VisualStudioVersion = 16.0.32630.194
MinimumVisualStudioVersion = 10.0.40219.1
Project("{FAE04EC0-301F-11D3-BF4B-00C04F79EFBC}") = "delegates", "delegates\delegates.csproj", "{40CFC66E-E735-42AE-B89B-590237E42406}"
EndProject
Global
	GlobalSection(SolutionConfigurationPlatforms) = preSolution
		Debug|Any CPU = Debug|Any CPU
		Release|Any CPU = Release|Any CPU
	EndGlobalSection
	GlobalSection(ProjectConfigurationPlatforms) = postSolution
		{40CFC66E-E735-42AE-B89B-590237E42406}.Debug|Any CPU.ActiveCfg = Debug|Any CPU
		{40CFC66E-E735-42AE-B89B-590237E42406}.Debug|Any CPU.Build.0 = Debug|Any CPU
		{40CFC66E-E735-42AE-B89B-590237E42406}.Release|Any CPU.ActiveCfg = Release|Any CPU
		{40CFC66E-E735-42AE-B89B-590237E42406}.Release|Any CPU.Build.0 = Release|Any CPU
	EndGlobalSection
	GlobalSection(SolutionProperties) = preSolution
		HideSolutionNode = FALSE
	EndGlobalSection
	GlobalSection(ExtensibilityGlobals) = postSolution
		SolutionGuid = {CD87A05B-E772-4371-A45D-539FB765FBF4}
	EndGlobalSection
EndGlobal
